
Microsoft Visual Studio Solution File, Format Version 12.00
# Visual Studio 15
VisualStudioVersion = 15.0.26430.13
MinimumVisualStudioVersion = 10.0.40219.1
Project("{FAE04EC0-301F-11D3-BF4B-00C04F79EFBC}") = "Censored.Tests", "Censored.Tests\Censored.Tests.csproj", "{92DD7F94-9C34-4674-B1E3-318D903E4657}"
EndProject
Project("{2150E333-8FDC-42A3-9474-1A3956D46DE8}") = "Solution Items", "Solution Items", "{8DB08C20-5C10-4B2C-AFA5-C57C0CB1316F}"
	ProjectSection(SolutionItems) = preProject
		.editorconfig = .editorconfig
		appveyor.yml = appveyor.yml
		bootstrapper.ps1 = bootstrapper.ps1
		build.cake = build.cake
		Censored.nuspec = Censored.nuspec
		README.md = README.md
	EndProjectSection
EndProject
Project("{9A19103F-16F7-4668-BE54-9A1E7A4F7556}") = "Censored", "Censored\Censored.csproj", "{F1088A35-F286-4A73-A14C-51F79B9383E0}"
EndProject
Global
	GlobalSection(SolutionConfigurationPlatforms) = preSolution
		Debug|Any CPU = Debug|Any CPU
		Release|Any CPU = Release|Any CPU
	EndGlobalSection
	GlobalSection(ProjectConfigurationPlatforms) = postSolution
		{92DD7F94-9C34-4674-B1E3-318D903E4657}.Debug|Any CPU.ActiveCfg = Debug|Any CPU
		{92DD7F94-9C34-4674-B1E3-318D903E4657}.Debug|Any CPU.Build.0 = Debug|Any CPU
		{92DD7F94-9C34-4674-B1E3-318D903E4657}.Release|Any CPU.ActiveCfg = Release|Any CPU
		{92DD7F94-9C34-4674-B1E3-318D903E4657}.Release|Any CPU.Build.0 = Release|Any CPU
		{F1088A35-F286-4A73-A14C-51F79B9383E0}.Debug|Any CPU.ActiveCfg = Debug|Any CPU
		{F1088A35-F286-4A73-A14C-51F79B9383E0}.Debug|Any CPU.Build.0 = Debug|Any CPU
		{F1088A35-F286-4A73-A14C-51F79B9383E0}.Release|Any CPU.ActiveCfg = Release|Any CPU
		{F1088A35-F286-4A73-A14C-51F79B9383E0}.Release|Any CPU.Build.0 = Release|Any CPU
	EndGlobalSection
	GlobalSection(SolutionProperties) = preSolution
		HideSolutionNode = FALSE
	EndGlobalSection
EndGlobal
