
Microsoft Visual Studio Solution File, Format Version 12.00
# Visual Studio 2012
Project("{FAE04EC0-301F-11D3-BF4B-00C04F79EFBC}") = "Censored", "Censored\Censored.csproj", "{20ABF63D-88C5-4AC9-8F75-4ED4B617D1A1}"
EndProject
Project("{FAE04EC0-301F-11D3-BF4B-00C04F79EFBC}") = "Censored.Tests", "Censored.Tests\Censored.Tests.csproj", "{92DD7F94-9C34-4674-B1E3-318D903E4657}"
EndProject
Project("{2150E333-8FDC-42A3-9474-1A3956D46DE8}") = "Solution Items", "Solution Items", "{8DB08C20-5C10-4B2C-AFA5-C57C0CB1316F}"
	ProjectSection(SolutionItems) = preProject
		Censored.nuspec = Censored.nuspec
	EndProjectSection
EndProject
Global
	GlobalSection(SolutionConfigurationPlatforms) = preSolution
		Debug|Any CPU = Debug|Any CPU
		Release|Any CPU = Release|Any CPU
	EndGlobalSection
	GlobalSection(ProjectConfigurationPlatforms) = postSolution
		{20ABF63D-88C5-4AC9-8F75-4ED4B617D1A1}.Debug|Any CPU.ActiveCfg = Debug|Any CPU
		{20ABF63D-88C5-4AC9-8F75-4ED4B617D1A1}.Debug|Any CPU.Build.0 = Debug|Any CPU
		{20ABF63D-88C5-4AC9-8F75-4ED4B617D1A1}.Release|Any CPU.ActiveCfg = Release|Any CPU
		{20ABF63D-88C5-4AC9-8F75-4ED4B617D1A1}.Release|Any CPU.Build.0 = Release|Any CPU
		{92DD7F94-9C34-4674-B1E3-318D903E4657}.Debug|Any CPU.ActiveCfg = Debug|Any CPU
		{92DD7F94-9C34-4674-B1E3-318D903E4657}.Debug|Any CPU.Build.0 = Debug|Any CPU
		{92DD7F94-9C34-4674-B1E3-318D903E4657}.Release|Any CPU.ActiveCfg = Release|Any CPU
		{92DD7F94-9C34-4674-B1E3-318D903E4657}.Release|Any CPU.Build.0 = Release|Any CPU
	EndGlobalSection
	GlobalSection(NestedProjects) = preSolution
	EndGlobalSection
EndGlobal
